
Microsoft Visual Studio Solution File, Format Version 12.00
# Visual Studio Version 16
VisualStudioVersion = 16.0.29021.104
MinimumVisualStudioVersion = 10.0.40219.1
Project("{8BC9CEB8-8B4A-11D0-8D11-00A0C91BC942}") = "Swibbles", "Swibbles\Swibbles.vcxproj", "{13B9A185-9EC0-4A85-A15F-C503A374F46A}"
EndProject
Global
	GlobalSection(SolutionConfigurationPlatforms) = preSolution
		Debug|x64 = Debug|x64
		Debug|x86 = Debug|x86
		Release|x64 = Release|x64
		Release|x86 = Release|x86
	EndGlobalSection
	GlobalSection(ProjectConfigurationPlatforms) = postSolution
		{13B9A185-9EC0-4A85-A15F-C503A374F46A}.Debug|x64.ActiveCfg = Debug|x64
		{13B9A185-9EC0-4A85-A15F-C503A374F46A}.Debug|x64.Build.0 = Debug|x64
		{13B9A185-9EC0-4A85-A15F-C503A374F46A}.Debug|x86.ActiveCfg = Debug|Win32
		{13B9A185-9EC0-4A85-A15F-C503A374F46A}.Debug|x86.Build.0 = Debug|Win32
		{13B9A185-9EC0-4A85-A15F-C503A374F46A}.Release|x64.ActiveCfg = Release|x64
		{13B9A185-9EC0-4A85-A15F-C503A374F46A}.Release|x64.Build.0 = Release|x64
		{13B9A185-9EC0-4A85-A15F-C503A374F46A}.Release|x86.ActiveCfg = Release|Win32
		{13B9A185-9EC0-4A85-A15F-C503A374F46A}.Release|x86.Build.0 = Release|Win32
	EndGlobalSection
	GlobalSection(SolutionProperties) = preSolution
		HideSolutionNode = FALSE
	EndGlobalSection
	GlobalSection(ExtensibilityGlobals) = postSolution
		SolutionGuid = {193FEF0A-F2C9-422C-A698-F53093EDB36B}
	EndGlobalSection
EndGlobal
